
Microsoft Visual Studio Solution File, Format Version 12.00
# Visual Studio Version 16
VisualStudioVersion = 16.0.31129.286
MinimumVisualStudioVersion = 10.0.40219.1
Project("{FAE04EC0-301F-11D3-BF4B-00C04F79EFBC}") = "TheorySDK", "TheorySDK\TheorySDK.csproj", "{98CD1C60-3128-44F9-9B63-1BE6B6B4640D}"
EndProject
Project("{FAE04EC0-301F-11D3-BF4B-00C04F79EFBC}") = "TheorySDK.Gtk", "TheorySDK.Gtk\TheorySDK.Gtk.csproj", "{2C246C69-A411-4B57-ADA3-3BFC43BC6977}"
EndProject
Project("{FAE04EC0-301F-11D3-BF4B-00C04F79EFBC}") = "TheorySDK.Mac", "TheorySDK.Mac\TheorySDK.Mac.csproj", "{ACE1AD26-9EFB-4A0C-B20B-7889D0FF62F2}"
EndProject
Project("{FAE04EC0-301F-11D3-BF4B-00C04F79EFBC}") = "TheorySDK.Wpf", "TheorySDK.Wpf\TheorySDK.Wpf.csproj", "{675CEF75-BCE7-4024-8465-6E8A73A349AD}"
EndProject
Global
	GlobalSection(SolutionConfigurationPlatforms) = preSolution
		Debug|Any CPU = Debug|Any CPU
		Release|Any CPU = Release|Any CPU
	EndGlobalSection
	GlobalSection(ProjectConfigurationPlatforms) = postSolution
		{98CD1C60-3128-44F9-9B63-1BE6B6B4640D}.Debug|Any CPU.ActiveCfg = Debug|Any CPU
		{98CD1C60-3128-44F9-9B63-1BE6B6B4640D}.Debug|Any CPU.Build.0 = Debug|Any CPU
		{98CD1C60-3128-44F9-9B63-1BE6B6B4640D}.Release|Any CPU.ActiveCfg = Release|Any CPU
		{98CD1C60-3128-44F9-9B63-1BE6B6B4640D}.Release|Any CPU.Build.0 = Release|Any CPU
		{2C246C69-A411-4B57-ADA3-3BFC43BC6977}.Debug|Any CPU.ActiveCfg = Debug|Any CPU
		{2C246C69-A411-4B57-ADA3-3BFC43BC6977}.Debug|Any CPU.Build.0 = Debug|Any CPU
		{2C246C69-A411-4B57-ADA3-3BFC43BC6977}.Release|Any CPU.ActiveCfg = Release|Any CPU
		{2C246C69-A411-4B57-ADA3-3BFC43BC6977}.Release|Any CPU.Build.0 = Release|Any CPU
		{ACE1AD26-9EFB-4A0C-B20B-7889D0FF62F2}.Debug|Any CPU.ActiveCfg = Debug|Any CPU
		{ACE1AD26-9EFB-4A0C-B20B-7889D0FF62F2}.Debug|Any CPU.Build.0 = Debug|Any CPU
		{ACE1AD26-9EFB-4A0C-B20B-7889D0FF62F2}.Release|Any CPU.ActiveCfg = Release|Any CPU
		{ACE1AD26-9EFB-4A0C-B20B-7889D0FF62F2}.Release|Any CPU.Build.0 = Release|Any CPU
		{675CEF75-BCE7-4024-8465-6E8A73A349AD}.Debug|Any CPU.ActiveCfg = Debug|Any CPU
		{675CEF75-BCE7-4024-8465-6E8A73A349AD}.Debug|Any CPU.Build.0 = Debug|Any CPU
		{675CEF75-BCE7-4024-8465-6E8A73A349AD}.Release|Any CPU.ActiveCfg = Release|Any CPU
		{675CEF75-BCE7-4024-8465-6E8A73A349AD}.Release|Any CPU.Build.0 = Release|Any CPU
	EndGlobalSection
	GlobalSection(SolutionProperties) = preSolution
		HideSolutionNode = FALSE
	EndGlobalSection
	GlobalSection(ExtensibilityGlobals) = postSolution
		SolutionGuid = {966E8A5D-3CDC-4094-AA1C-A57B9FB76BF0}
	EndGlobalSection
EndGlobal
